
Microsoft Visual Studio Solution File, Format Version 12.00
# Visual Studio Version 16
VisualStudioVersion = 16.0.31729.503
MinimumVisualStudioVersion = 10.0.40219.1
Project("{FAE04EC0-301F-11D3-BF4B-00C04F79EFBC}") = "Pr_7_zad_2_forms", "Pr_7_zad_2_forms\Pr_7_zad_2_forms.csproj", "{9AD8A07F-9C7E-4BD6-9648-BC1C6416FFB4}"
EndProject
Global
	GlobalSection(SolutionConfigurationPlatforms) = preSolution
		Debug|Any CPU = Debug|Any CPU
		Release|Any CPU = Release|Any CPU
	EndGlobalSection
	GlobalSection(ProjectConfigurationPlatforms) = postSolution
		{9AD8A07F-9C7E-4BD6-9648-BC1C6416FFB4}.Debug|Any CPU.ActiveCfg = Debug|Any CPU
		{9AD8A07F-9C7E-4BD6-9648-BC1C6416FFB4}.Debug|Any CPU.Build.0 = Debug|Any CPU
		{9AD8A07F-9C7E-4BD6-9648-BC1C6416FFB4}.Release|Any CPU.ActiveCfg = Release|Any CPU
		{9AD8A07F-9C7E-4BD6-9648-BC1C6416FFB4}.Release|Any CPU.Build.0 = Release|Any CPU
	EndGlobalSection
	GlobalSection(SolutionProperties) = preSolution
		HideSolutionNode = FALSE
	EndGlobalSection
	GlobalSection(ExtensibilityGlobals) = postSolution
		SolutionGuid = {13237A32-8AE2-4DCE-B83C-BAF481F3025A}
	EndGlobalSection
EndGlobal
